
Microsoft Visual Studio Solution File, Format Version 12.00
# Visual Studio 2013
VisualStudioVersion = 12.0.30516.0
MinimumVisualStudioVersion = 10.0.40219.1
Project("{FAE04EC0-301F-11D3-BF4B-00C04F79EFBC}") = "HttpLineProcessor", "HttpLineProcessor\HttpLineProcessor.csproj", "{121CC00E-B10B-423B-B0F9-6DA8BE9534A8}"
EndProject
Project("{2150E333-8FDC-42A3-9474-1A3956D46DE8}") = ".nuget", ".nuget", "{19A80DA2-BB6E-4666-95B8-89F7B1C1AC59}"
	ProjectSection(SolutionItems) = preProject
		.nuget\NuGet.Config = .nuget\NuGet.Config
		.nuget\NuGet.exe = .nuget\NuGet.exe
		.nuget\NuGet.targets = .nuget\NuGet.targets
	EndProjectSection
EndProject
Global
	GlobalSection(SolutionConfigurationPlatforms) = preSolution
		Debug|Any CPU = Debug|Any CPU
		Release|Any CPU = Release|Any CPU
	EndGlobalSection
	GlobalSection(ProjectConfigurationPlatforms) = postSolution
		{121CC00E-B10B-423B-B0F9-6DA8BE9534A8}.Debug|Any CPU.ActiveCfg = Debug|Any CPU
		{121CC00E-B10B-423B-B0F9-6DA8BE9534A8}.Debug|Any CPU.Build.0 = Debug|Any CPU
		{121CC00E-B10B-423B-B0F9-6DA8BE9534A8}.Release|Any CPU.ActiveCfg = Release|Any CPU
		{121CC00E-B10B-423B-B0F9-6DA8BE9534A8}.Release|Any CPU.Build.0 = Release|Any CPU
	EndGlobalSection
	GlobalSection(SolutionProperties) = preSolution
		HideSolutionNode = FALSE
	EndGlobalSection
EndGlobal
